
Microsoft Visual Studio Solution File, Format Version 12.00
# Visual Studio Version 16
VisualStudioVersion = 16.0.28711.60
MinimumVisualStudioVersion = 10.0.40219.1
Project("{FAE04EC0-301F-11D3-BF4B-00C04F79EFBC}") = "Xerowser", "Xerowser\Xerowser.csproj", "{9CD8CA00-E28B-470C-BB58-FA07CFE90FC7}"
EndProject
Global
	GlobalSection(SolutionConfigurationPlatforms) = preSolution
		Debug|Any CPU = Debug|Any CPU
		Debug|x64 = Debug|x64
		Release|Any CPU = Release|Any CPU
		Release|x64 = Release|x64
	EndGlobalSection
	GlobalSection(ProjectConfigurationPlatforms) = postSolution
		{9CD8CA00-E28B-470C-BB58-FA07CFE90FC7}.Debug|Any CPU.ActiveCfg = Debug|Any CPU
		{9CD8CA00-E28B-470C-BB58-FA07CFE90FC7}.Debug|Any CPU.Build.0 = Debug|Any CPU
		{9CD8CA00-E28B-470C-BB58-FA07CFE90FC7}.Debug|x64.ActiveCfg = Debug|x64
		{9CD8CA00-E28B-470C-BB58-FA07CFE90FC7}.Debug|x64.Build.0 = Debug|x64
		{9CD8CA00-E28B-470C-BB58-FA07CFE90FC7}.Release|Any CPU.ActiveCfg = Release|Any CPU
		{9CD8CA00-E28B-470C-BB58-FA07CFE90FC7}.Release|Any CPU.Build.0 = Release|Any CPU
		{9CD8CA00-E28B-470C-BB58-FA07CFE90FC7}.Release|x64.ActiveCfg = Release|x64
		{9CD8CA00-E28B-470C-BB58-FA07CFE90FC7}.Release|x64.Build.0 = Release|x64
	EndGlobalSection
	GlobalSection(SolutionProperties) = preSolution
		HideSolutionNode = FALSE
	EndGlobalSection
	GlobalSection(ExtensibilityGlobals) = postSolution
		SolutionGuid = {94E7971F-49A6-4E28-9814-12C94EDCA98C}
	EndGlobalSection
EndGlobal
